
Microsoft Visual Studio Solution File, Format Version 12.00
# Visual Studio 15
VisualStudioVersion = 15.0.28307.438
MinimumVisualStudioVersion = 10.0.40219.1
Project("{FAE04EC0-301F-11D3-BF4B-00C04F79EFBC}") = "ShowWaterCup", "ShowWaterCup\ShowWaterCup.csproj", "{C83F06A1-15D2-4742-BCDA-90254D663396}"
EndProject
Global
	GlobalSection(SolutionConfigurationPlatforms) = preSolution
		Debug|Any CPU = Debug|Any CPU
		Release|Any CPU = Release|Any CPU
	EndGlobalSection
	GlobalSection(ProjectConfigurationPlatforms) = postSolution
		{C83F06A1-15D2-4742-BCDA-90254D663396}.Debug|Any CPU.ActiveCfg = Debug|Any CPU
		{C83F06A1-15D2-4742-BCDA-90254D663396}.Debug|Any CPU.Build.0 = Debug|Any CPU
		{C83F06A1-15D2-4742-BCDA-90254D663396}.Release|Any CPU.ActiveCfg = Release|Any CPU
		{C83F06A1-15D2-4742-BCDA-90254D663396}.Release|Any CPU.Build.0 = Release|Any CPU
	EndGlobalSection
	GlobalSection(SolutionProperties) = preSolution
		HideSolutionNode = FALSE
	EndGlobalSection
	GlobalSection(ExtensibilityGlobals) = postSolution
		SolutionGuid = {3A753343-27CF-4D29-B8F1-2FE9CF5D9095}
	EndGlobalSection
EndGlobal
